
Microsoft Visual Studio Solution File, Format Version 12.00
# Visual Studio Version 16
VisualStudioVersion = 16.0.29418.71
MinimumVisualStudioVersion = 10.0.40219.1
Project("{9A19103F-16F7-4668-BE54-9A1E7A4F7556}") = "String.Intern", "String.Intern\String.Intern.csproj", "{1B811EEA-1FD1-4B6C-9FEB-5CE7769E403D}"
EndProject
Project("{9A19103F-16F7-4668-BE54-9A1E7A4F7556}") = "Hidden Keywords", "Hidden Keywords\Hidden Keywords.csproj", "{EB3B2045-0029-4184-97C1-02F96E18E7B6}"
EndProject
Project("{9A19103F-16F7-4668-BE54-9A1E7A4F7556}") = "Generic Pointers", "Generic Pointers\Generic Pointers.csproj", "{6B1D81E8-C482-4A79-9611-2445C07F8B30}"
EndProject
Project("{9A19103F-16F7-4668-BE54-9A1E7A4F7556}") = "Runtime sizeof(T)", "Runtime sizeof(T)\Runtime sizeof(T).csproj", "{C2A0240B-E071-4E80-9E6F-95C103507F5B}"
EndProject
Project("{9A19103F-16F7-4668-BE54-9A1E7A4F7556}") = "Real Random Numbers", "Real Random Numbers\Real Random Numbers.csproj", "{4257F79D-FAE5-4CFE-862A-0BA8B1AB6C22}"
EndProject
Project("{9A19103F-16F7-4668-BE54-9A1E7A4F7556}") = "Concurrent Collections", "Concurrent Collections\Concurrent Collections.csproj", "{8C0A3419-BDF9-4378-B422-2959847AB5F4}"
EndProject
Project("{9A19103F-16F7-4668-BE54-9A1E7A4F7556}") = "Disposable_Class", "Disposable_Class\Disposable_Class.csproj", "{3501BCCE-E0C0-41AF-9CC4-5F4C6F8AB522}"
EndProject
Project("{9A19103F-16F7-4668-BE54-9A1E7A4F7556}") = "LinkedLists", "LinkedLists\LinkedLists.csproj", "{7D0294D9-92C1-4E24-9021-1EEDF14ECA70}"
EndProject
Project("{9A19103F-16F7-4668-BE54-9A1E7A4F7556}") = "Events", "Events\Events.csproj", "{31D3199A-A07A-407F-A005-A1E40C69BF92}"
EndProject
Project("{9A19103F-16F7-4668-BE54-9A1E7A4F7556}") = "Generic Variance", "Generic Variance\Generic Variance.csproj", "{4BD3997F-4D88-46A2-9913-4075159A9318}"
EndProject
Project("{9A19103F-16F7-4668-BE54-9A1E7A4F7556}") = "Tuples in CSharp7", "Tuples in CSharp7\Tuples in CSharp7.csproj", "{976734F4-D073-4839-B201-BE10339440BC}"
EndProject
Project("{9A19103F-16F7-4668-BE54-9A1E7A4F7556}") = "Method Deprecation", "Method Deprecation\Method Deprecation.csproj", "{8A2FD933-1451-416C-BE35-310CEDE8D8EF}"
EndProject
Project("{9A19103F-16F7-4668-BE54-9A1E7A4F7556}") = "FunWithGenerics - MAX Generic Parameters", "FunWithGenerics - MAX Generic Parameters\FunWithGenerics - MAX Generic Parameters.csproj", "{434CB44A-2914-4D98-9785-29DB9DA812A6}"
EndProject
Project("{9A19103F-16F7-4668-BE54-9A1E7A4F7556}") = "BlockCopy", "BlockCopy\BlockCopy.csproj", "{A8778B49-0F02-45EF-842C-BB3F9611B27D}"
EndProject
Project("{9A19103F-16F7-4668-BE54-9A1E7A4F7556}") = "GenericWhereConstraints", "GenericWhereConstraints\GenericWhereConstraints.csproj", "{0FA755FC-047F-4885-80FB-F8655CEAC5FC}"
EndProject
Project("{9A19103F-16F7-4668-BE54-9A1E7A4F7556}") = "Indexers", "Indexers\Indexers.csproj", "{4E80FBF7-B810-4B95-AC98-72E60832C7B0}"
EndProject
Project("{9A19103F-16F7-4668-BE54-9A1E7A4F7556}") = "Parallel", "Parallel\Parallel.csproj", "{119DEEF9-34F5-4E42-A592-C1CEA0DF1FF6}"
EndProject
Project("{9A19103F-16F7-4668-BE54-9A1E7A4F7556}") = "Some External Cool Stuff", "SomeExternalCoolStuff\Some External Cool Stuff.csproj", "{7EFBC024-806E-4487-8F04-82161F7A4023}"
EndProject
Project("{9A19103F-16F7-4668-BE54-9A1E7A4F7556}") = "Generic Equality Comparer", "Generic Equality Comparer\Generic Equality Comparer.csproj", "{A610E6EB-CECB-417D-AE5E-9635968562A8}"
EndProject
Project("{9A19103F-16F7-4668-BE54-9A1E7A4F7556}") = "EscapeSpecialCharacters", "EscapeSpecialCharacters\EscapeSpecialCharacters.csproj", "{459872FD-A436-4B67-A86A-10FDB5F8EC3D}"
EndProject
Project("{9A19103F-16F7-4668-BE54-9A1E7A4F7556}") = "SortedList", "SortedList\SortedList.csproj", "{C67CA2B7-457F-4390-820D-DA0C11F56394}"
EndProject
Project("{9A19103F-16F7-4668-BE54-9A1E7A4F7556}") = "Swich in CSharp 8.0", "Swich_In_CSharp_8.0\Swich in CSharp 8.0.csproj", "{42C838F6-840F-4D2D-B42E-A69EFB69CE59}"
EndProject
Project("{9A19103F-16F7-4668-BE54-9A1E7A4F7556}") = "CSharp9.0 - Init only setters", "CSharp9.0 - Init only setters\CSharp9.0 - Init only setters.csproj", "{974605F6-EADA-4DB3-84D8-4EF04150FC39}"
EndProject
Project("{9A19103F-16F7-4668-BE54-9A1E7A4F7556}") = "DesignPatterns-Decorator", "DesignPatterns-Decorator\DesignPatterns-Decorator.csproj", "{C6DEF3DB-A6D4-41F9-91BD-7BA1EE377418}"
EndProject
Project("{9A19103F-16F7-4668-BE54-9A1E7A4F7556}") = "DesignPatterns-Repository", "DesignPatterns-Repository\DesignPatterns-Repository.csproj", "{C9256303-25E0-4436-84C0-79ACA02B8D1A}"
EndProject
Project("{9A19103F-16F7-4668-BE54-9A1E7A4F7556}") = "ExtremelyFastReflection", "ExtremelyFastReflection\ExtremelyFastReflection.csproj", "{AF8FE2AC-8D36-4348-9F4C-C0425F3C4A43}"
EndProject
Project("{9A19103F-16F7-4668-BE54-9A1E7A4F7556}") = "Serialization", "Serialization\Serialization.csproj", "{91840730-BC8F-4A5F-BF2D-8BE121DD98FB}"
EndProject
Project("{2150E333-8FDC-42A3-9474-1A3956D46DE8}") = "BetterCSharp", "BetterCSharp", "{46E893BB-D5F4-44AD-B8BA-7E16D89FEFEC}"
EndProject
Project("{9A19103F-16F7-4668-BE54-9A1E7A4F7556}") = "Generic Object Mapping", "Generic Object Mapping\Generic Object Mapping.csproj", "{6AC91295-EB58-440A-B284-764F050E84F7}"
EndProject
Project("{9A19103F-16F7-4668-BE54-9A1E7A4F7556}") = "CSharp_typedeff", "CSharp_typedeff\CSharp_typedeff.csproj", "{DF9D319D-6FEE-4E24-BE16-3BB4CAD0615F}"
EndProject
Global
	GlobalSection(SolutionConfigurationPlatforms) = preSolution
		Debug|Any CPU = Debug|Any CPU
		Release|Any CPU = Release|Any CPU
	EndGlobalSection
	GlobalSection(ProjectConfigurationPlatforms) = postSolution
		{1B811EEA-1FD1-4B6C-9FEB-5CE7769E403D}.Debug|Any CPU.ActiveCfg = Debug|Any CPU
		{1B811EEA-1FD1-4B6C-9FEB-5CE7769E403D}.Debug|Any CPU.Build.0 = Debug|Any CPU
		{1B811EEA-1FD1-4B6C-9FEB-5CE7769E403D}.Release|Any CPU.ActiveCfg = Release|Any CPU
		{1B811EEA-1FD1-4B6C-9FEB-5CE7769E403D}.Release|Any CPU.Build.0 = Release|Any CPU
		{EB3B2045-0029-4184-97C1-02F96E18E7B6}.Debug|Any CPU.ActiveCfg = Debug|Any CPU
		{EB3B2045-0029-4184-97C1-02F96E18E7B6}.Debug|Any CPU.Build.0 = Debug|Any CPU
		{EB3B2045-0029-4184-97C1-02F96E18E7B6}.Release|Any CPU.ActiveCfg = Release|Any CPU
		{EB3B2045-0029-4184-97C1-02F96E18E7B6}.Release|Any CPU.Build.0 = Release|Any CPU
		{6B1D81E8-C482-4A79-9611-2445C07F8B30}.Debug|Any CPU.ActiveCfg = Debug|Any CPU
		{6B1D81E8-C482-4A79-9611-2445C07F8B30}.Debug|Any CPU.Build.0 = Debug|Any CPU
		{6B1D81E8-C482-4A79-9611-2445C07F8B30}.Release|Any CPU.ActiveCfg = Release|Any CPU
		{6B1D81E8-C482-4A79-9611-2445C07F8B30}.Release|Any CPU.Build.0 = Release|Any CPU
		{C2A0240B-E071-4E80-9E6F-95C103507F5B}.Debug|Any CPU.ActiveCfg = Debug|Any CPU
		{C2A0240B-E071-4E80-9E6F-95C103507F5B}.Debug|Any CPU.Build.0 = Debug|Any CPU
		{C2A0240B-E071-4E80-9E6F-95C103507F5B}.Release|Any CPU.ActiveCfg = Release|Any CPU
		{C2A0240B-E071-4E80-9E6F-95C103507F5B}.Release|Any CPU.Build.0 = Release|Any CPU
		{4257F79D-FAE5-4CFE-862A-0BA8B1AB6C22}.Debug|Any CPU.ActiveCfg = Debug|Any CPU
		{4257F79D-FAE5-4CFE-862A-0BA8B1AB6C22}.Debug|Any CPU.Build.0 = Debug|Any CPU
		{4257F79D-FAE5-4CFE-862A-0BA8B1AB6C22}.Release|Any CPU.ActiveCfg = Release|Any CPU
		{4257F79D-FAE5-4CFE-862A-0BA8B1AB6C22}.Release|Any CPU.Build.0 = Release|Any CPU
		{8C0A3419-BDF9-4378-B422-2959847AB5F4}.Debug|Any CPU.ActiveCfg = Debug|Any CPU
		{8C0A3419-BDF9-4378-B422-2959847AB5F4}.Debug|Any CPU.Build.0 = Debug|Any CPU
		{8C0A3419-BDF9-4378-B422-2959847AB5F4}.Release|Any CPU.ActiveCfg = Release|Any CPU
		{8C0A3419-BDF9-4378-B422-2959847AB5F4}.Release|Any CPU.Build.0 = Release|Any CPU
		{3501BCCE-E0C0-41AF-9CC4-5F4C6F8AB522}.Debug|Any CPU.ActiveCfg = Debug|Any CPU
		{3501BCCE-E0C0-41AF-9CC4-5F4C6F8AB522}.Debug|Any CPU.Build.0 = Debug|Any CPU
		{3501BCCE-E0C0-41AF-9CC4-5F4C6F8AB522}.Release|Any CPU.ActiveCfg = Release|Any CPU
		{3501BCCE-E0C0-41AF-9CC4-5F4C6F8AB522}.Release|Any CPU.Build.0 = Release|Any CPU
		{7D0294D9-92C1-4E24-9021-1EEDF14ECA70}.Debug|Any CPU.ActiveCfg = Debug|Any CPU
		{7D0294D9-92C1-4E24-9021-1EEDF14ECA70}.Debug|Any CPU.Build.0 = Debug|Any CPU
		{7D0294D9-92C1-4E24-9021-1EEDF14ECA70}.Release|Any CPU.ActiveCfg = Release|Any CPU
		{7D0294D9-92C1-4E24-9021-1EEDF14ECA70}.Release|Any CPU.Build.0 = Release|Any CPU
		{31D3199A-A07A-407F-A005-A1E40C69BF92}.Debug|Any CPU.ActiveCfg = Debug|Any CPU
		{31D3199A-A07A-407F-A005-A1E40C69BF92}.Debug|Any CPU.Build.0 = Debug|Any CPU
		{31D3199A-A07A-407F-A005-A1E40C69BF92}.Release|Any CPU.ActiveCfg = Release|Any CPU
		{31D3199A-A07A-407F-A005-A1E40C69BF92}.Release|Any CPU.Build.0 = Release|Any CPU
		{4BD3997F-4D88-46A2-9913-4075159A9318}.Debug|Any CPU.ActiveCfg = Debug|Any CPU
		{4BD3997F-4D88-46A2-9913-4075159A9318}.Debug|Any CPU.Build.0 = Debug|Any CPU
		{4BD3997F-4D88-46A2-9913-4075159A9318}.Release|Any CPU.ActiveCfg = Release|Any CPU
		{4BD3997F-4D88-46A2-9913-4075159A9318}.Release|Any CPU.Build.0 = Release|Any CPU
		{976734F4-D073-4839-B201-BE10339440BC}.Debug|Any CPU.ActiveCfg = Debug|Any CPU
		{976734F4-D073-4839-B201-BE10339440BC}.Debug|Any CPU.Build.0 = Debug|Any CPU
		{976734F4-D073-4839-B201-BE10339440BC}.Release|Any CPU.ActiveCfg = Release|Any CPU
		{976734F4-D073-4839-B201-BE10339440BC}.Release|Any CPU.Build.0 = Release|Any CPU
		{8A2FD933-1451-416C-BE35-310CEDE8D8EF}.Debug|Any CPU.ActiveCfg = Debug|Any CPU
		{8A2FD933-1451-416C-BE35-310CEDE8D8EF}.Debug|Any CPU.Build.0 = Debug|Any CPU
		{8A2FD933-1451-416C-BE35-310CEDE8D8EF}.Release|Any CPU.ActiveCfg = Release|Any CPU
		{8A2FD933-1451-416C-BE35-310CEDE8D8EF}.Release|Any CPU.Build.0 = Release|Any CPU
		{434CB44A-2914-4D98-9785-29DB9DA812A6}.Debug|Any CPU.ActiveCfg = Debug|Any CPU
		{434CB44A-2914-4D98-9785-29DB9DA812A6}.Debug|Any CPU.Build.0 = Debug|Any CPU
		{434CB44A-2914-4D98-9785-29DB9DA812A6}.Release|Any CPU.ActiveCfg = Release|Any CPU
		{434CB44A-2914-4D98-9785-29DB9DA812A6}.Release|Any CPU.Build.0 = Release|Any CPU
		{A8778B49-0F02-45EF-842C-BB3F9611B27D}.Debug|Any CPU.ActiveCfg = Debug|Any CPU
		{A8778B49-0F02-45EF-842C-BB3F9611B27D}.Debug|Any CPU.Build.0 = Debug|Any CPU
		{A8778B49-0F02-45EF-842C-BB3F9611B27D}.Release|Any CPU.ActiveCfg = Release|Any CPU
		{A8778B49-0F02-45EF-842C-BB3F9611B27D}.Release|Any CPU.Build.0 = Release|Any CPU
		{0FA755FC-047F-4885-80FB-F8655CEAC5FC}.Debug|Any CPU.ActiveCfg = Debug|Any CPU
		{0FA755FC-047F-4885-80FB-F8655CEAC5FC}.Debug|Any CPU.Build.0 = Debug|Any CPU
		{0FA755FC-047F-4885-80FB-F8655CEAC5FC}.Release|Any CPU.ActiveCfg = Release|Any CPU
		{0FA755FC-047F-4885-80FB-F8655CEAC5FC}.Release|Any CPU.Build.0 = Release|Any CPU
		{4E80FBF7-B810-4B95-AC98-72E60832C7B0}.Debug|Any CPU.ActiveCfg = Debug|Any CPU
		{4E80FBF7-B810-4B95-AC98-72E60832C7B0}.Debug|Any CPU.Build.0 = Debug|Any CPU
		{4E80FBF7-B810-4B95-AC98-72E60832C7B0}.Release|Any CPU.ActiveCfg = Release|Any CPU
		{4E80FBF7-B810-4B95-AC98-72E60832C7B0}.Release|Any CPU.Build.0 = Release|Any CPU
		{119DEEF9-34F5-4E42-A592-C1CEA0DF1FF6}.Debug|Any CPU.ActiveCfg = Debug|Any CPU
		{119DEEF9-34F5-4E42-A592-C1CEA0DF1FF6}.Debug|Any CPU.Build.0 = Debug|Any CPU
		{119DEEF9-34F5-4E42-A592-C1CEA0DF1FF6}.Release|Any CPU.ActiveCfg = Release|Any CPU
		{119DEEF9-34F5-4E42-A592-C1CEA0DF1FF6}.Release|Any CPU.Build.0 = Release|Any CPU
		{7EFBC024-806E-4487-8F04-82161F7A4023}.Debug|Any CPU.ActiveCfg = Debug|Any CPU
		{7EFBC024-806E-4487-8F04-82161F7A4023}.Debug|Any CPU.Build.0 = Debug|Any CPU
		{7EFBC024-806E-4487-8F04-82161F7A4023}.Release|Any CPU.ActiveCfg = Release|Any CPU
		{7EFBC024-806E-4487-8F04-82161F7A4023}.Release|Any CPU.Build.0 = Release|Any CPU
		{A610E6EB-CECB-417D-AE5E-9635968562A8}.Debug|Any CPU.ActiveCfg = Debug|Any CPU
		{A610E6EB-CECB-417D-AE5E-9635968562A8}.Debug|Any CPU.Build.0 = Debug|Any CPU
		{A610E6EB-CECB-417D-AE5E-9635968562A8}.Release|Any CPU.ActiveCfg = Release|Any CPU
		{A610E6EB-CECB-417D-AE5E-9635968562A8}.Release|Any CPU.Build.0 = Release|Any CPU
		{459872FD-A436-4B67-A86A-10FDB5F8EC3D}.Debug|Any CPU.ActiveCfg = Debug|Any CPU
		{459872FD-A436-4B67-A86A-10FDB5F8EC3D}.Debug|Any CPU.Build.0 = Debug|Any CPU
		{459872FD-A436-4B67-A86A-10FDB5F8EC3D}.Release|Any CPU.ActiveCfg = Release|Any CPU
		{459872FD-A436-4B67-A86A-10FDB5F8EC3D}.Release|Any CPU.Build.0 = Release|Any CPU
		{C67CA2B7-457F-4390-820D-DA0C11F56394}.Debug|Any CPU.ActiveCfg = Debug|Any CPU
		{C67CA2B7-457F-4390-820D-DA0C11F56394}.Debug|Any CPU.Build.0 = Debug|Any CPU
		{C67CA2B7-457F-4390-820D-DA0C11F56394}.Release|Any CPU.ActiveCfg = Release|Any CPU
		{C67CA2B7-457F-4390-820D-DA0C11F56394}.Release|Any CPU.Build.0 = Release|Any CPU
		{42C838F6-840F-4D2D-B42E-A69EFB69CE59}.Debug|Any CPU.ActiveCfg = Debug|Any CPU
		{42C838F6-840F-4D2D-B42E-A69EFB69CE59}.Debug|Any CPU.Build.0 = Debug|Any CPU
		{42C838F6-840F-4D2D-B42E-A69EFB69CE59}.Release|Any CPU.ActiveCfg = Release|Any CPU
		{42C838F6-840F-4D2D-B42E-A69EFB69CE59}.Release|Any CPU.Build.0 = Release|Any CPU
		{974605F6-EADA-4DB3-84D8-4EF04150FC39}.Debug|Any CPU.ActiveCfg = Debug|Any CPU
		{974605F6-EADA-4DB3-84D8-4EF04150FC39}.Debug|Any CPU.Build.0 = Debug|Any CPU
		{974605F6-EADA-4DB3-84D8-4EF04150FC39}.Release|Any CPU.ActiveCfg = Release|Any CPU
		{974605F6-EADA-4DB3-84D8-4EF04150FC39}.Release|Any CPU.Build.0 = Release|Any CPU
		{C6DEF3DB-A6D4-41F9-91BD-7BA1EE377418}.Debug|Any CPU.ActiveCfg = Debug|Any CPU
		{C6DEF3DB-A6D4-41F9-91BD-7BA1EE377418}.Debug|Any CPU.Build.0 = Debug|Any CPU
		{C6DEF3DB-A6D4-41F9-91BD-7BA1EE377418}.Release|Any CPU.ActiveCfg = Release|Any CPU
		{C6DEF3DB-A6D4-41F9-91BD-7BA1EE377418}.Release|Any CPU.Build.0 = Release|Any CPU
		{C9256303-25E0-4436-84C0-79ACA02B8D1A}.Debug|Any CPU.ActiveCfg = Debug|Any CPU
		{C9256303-25E0-4436-84C0-79ACA02B8D1A}.Debug|Any CPU.Build.0 = Debug|Any CPU
		{C9256303-25E0-4436-84C0-79ACA02B8D1A}.Release|Any CPU.ActiveCfg = Release|Any CPU
		{C9256303-25E0-4436-84C0-79ACA02B8D1A}.Release|Any CPU.Build.0 = Release|Any CPU
		{AF8FE2AC-8D36-4348-9F4C-C0425F3C4A43}.Debug|Any CPU.ActiveCfg = Debug|Any CPU
		{AF8FE2AC-8D36-4348-9F4C-C0425F3C4A43}.Debug|Any CPU.Build.0 = Debug|Any CPU
		{AF8FE2AC-8D36-4348-9F4C-C0425F3C4A43}.Release|Any CPU.ActiveCfg = Release|Any CPU
		{AF8FE2AC-8D36-4348-9F4C-C0425F3C4A43}.Release|Any CPU.Build.0 = Release|Any CPU
		{91840730-BC8F-4A5F-BF2D-8BE121DD98FB}.Debug|Any CPU.ActiveCfg = Debug|Any CPU
		{91840730-BC8F-4A5F-BF2D-8BE121DD98FB}.Debug|Any CPU.Build.0 = Debug|Any CPU
		{91840730-BC8F-4A5F-BF2D-8BE121DD98FB}.Release|Any CPU.ActiveCfg = Release|Any CPU
		{91840730-BC8F-4A5F-BF2D-8BE121DD98FB}.Release|Any CPU.Build.0 = Release|Any CPU
		{6AC91295-EB58-440A-B284-764F050E84F7}.Debug|Any CPU.ActiveCfg = Debug|Any CPU
		{6AC91295-EB58-440A-B284-764F050E84F7}.Debug|Any CPU.Build.0 = Debug|Any CPU
		{6AC91295-EB58-440A-B284-764F050E84F7}.Release|Any CPU.ActiveCfg = Release|Any CPU
		{6AC91295-EB58-440A-B284-764F050E84F7}.Release|Any CPU.Build.0 = Release|Any CPU
		{DF9D319D-6FEE-4E24-BE16-3BB4CAD0615F}.Debug|Any CPU.ActiveCfg = Debug|Any CPU
		{DF9D319D-6FEE-4E24-BE16-3BB4CAD0615F}.Debug|Any CPU.Build.0 = Debug|Any CPU
		{DF9D319D-6FEE-4E24-BE16-3BB4CAD0615F}.Release|Any CPU.ActiveCfg = Release|Any CPU
		{DF9D319D-6FEE-4E24-BE16-3BB4CAD0615F}.Release|Any CPU.Build.0 = Release|Any CPU
	EndGlobalSection
	GlobalSection(SolutionProperties) = preSolution
		HideSolutionNode = FALSE
	EndGlobalSection
	GlobalSection(ExtensibilityGlobals) = postSolution
		SolutionGuid = {DEFFBA2A-0813-4F02-B697-FEFED76EDB94}
	EndGlobalSection
EndGlobal
