
Microsoft Visual Studio Solution File, Format Version 12.00
# Visual Studio Version 16
VisualStudioVersion = 16.0.29418.71
MinimumVisualStudioVersion = 10.0.40219.1
Project("{9A19103F-16F7-4668-BE54-9A1E7A4F7556}") = "String.Intern", "String.Intern\String.Intern.csproj", "{1B811EEA-1FD1-4B6C-9FEB-5CE7769E403D}"
EndProject
Project("{FAE04EC0-301F-11D3-BF4B-00C04F79EFBC}") = "Hidden Keywords", "Hidden Keywords\Hidden Keywords.csproj", "{EB3B2045-0029-4184-97C1-02F96E18E7B6}"
EndProject
Project("{FAE04EC0-301F-11D3-BF4B-00C04F79EFBC}") = "Generic Pointers", "Generic Pointers\Generic Pointers.csproj", "{6B1D81E8-C482-4A79-9611-2445C07F8B30}"
EndProject
Project("{FAE04EC0-301F-11D3-BF4B-00C04F79EFBC}") = "Runtime sizeof(T)", "Runtime sizeof(T)\Runtime sizeof(T).csproj", "{C2A0240B-E071-4E80-9E6F-95C103507F5B}"
EndProject
Global
	GlobalSection(SolutionConfigurationPlatforms) = preSolution
		Debug|Any CPU = Debug|Any CPU
		Release|Any CPU = Release|Any CPU
	EndGlobalSection
	GlobalSection(ProjectConfigurationPlatforms) = postSolution
		{1B811EEA-1FD1-4B6C-9FEB-5CE7769E403D}.Debug|Any CPU.ActiveCfg = Debug|Any CPU
		{1B811EEA-1FD1-4B6C-9FEB-5CE7769E403D}.Debug|Any CPU.Build.0 = Debug|Any CPU
		{1B811EEA-1FD1-4B6C-9FEB-5CE7769E403D}.Release|Any CPU.ActiveCfg = Release|Any CPU
		{1B811EEA-1FD1-4B6C-9FEB-5CE7769E403D}.Release|Any CPU.Build.0 = Release|Any CPU
		{EB3B2045-0029-4184-97C1-02F96E18E7B6}.Debug|Any CPU.ActiveCfg = Debug|Any CPU
		{EB3B2045-0029-4184-97C1-02F96E18E7B6}.Debug|Any CPU.Build.0 = Debug|Any CPU
		{EB3B2045-0029-4184-97C1-02F96E18E7B6}.Release|Any CPU.ActiveCfg = Release|Any CPU
		{EB3B2045-0029-4184-97C1-02F96E18E7B6}.Release|Any CPU.Build.0 = Release|Any CPU
		{6B1D81E8-C482-4A79-9611-2445C07F8B30}.Debug|Any CPU.ActiveCfg = Debug|Any CPU
		{6B1D81E8-C482-4A79-9611-2445C07F8B30}.Debug|Any CPU.Build.0 = Debug|Any CPU
		{6B1D81E8-C482-4A79-9611-2445C07F8B30}.Release|Any CPU.ActiveCfg = Release|Any CPU
		{6B1D81E8-C482-4A79-9611-2445C07F8B30}.Release|Any CPU.Build.0 = Release|Any CPU
		{C2A0240B-E071-4E80-9E6F-95C103507F5B}.Debug|Any CPU.ActiveCfg = Debug|Any CPU
		{C2A0240B-E071-4E80-9E6F-95C103507F5B}.Debug|Any CPU.Build.0 = Debug|Any CPU
		{C2A0240B-E071-4E80-9E6F-95C103507F5B}.Release|Any CPU.ActiveCfg = Release|Any CPU
		{C2A0240B-E071-4E80-9E6F-95C103507F5B}.Release|Any CPU.Build.0 = Release|Any CPU
	EndGlobalSection
	GlobalSection(SolutionProperties) = preSolution
		HideSolutionNode = FALSE
	EndGlobalSection
	GlobalSection(ExtensibilityGlobals) = postSolution
		SolutionGuid = {DEFFBA2A-0813-4F02-B697-FEFED76EDB94}
	EndGlobalSection
EndGlobal
